
Microsoft Visual Studio Solution File, Format Version 12.00
# Visual Studio 15
VisualStudioVersion = 15.0.27428.2005
MinimumVisualStudioVersion = 10.0.40219.1
Project("{FAE04EC0-301F-11D3-BF4B-00C04F79EFBC}") = "CryptLibrary", "CryptLibrary\CryptLibrary.csproj", "{A99737FE-2207-412A-BF11-48FA8E1CB918}"
EndProject
Project("{FAE04EC0-301F-11D3-BF4B-00C04F79EFBC}") = "Test", "Test\Test.csproj", "{6BC047C2-538D-4409-9BB8-9BF99C65AF6E}"
EndProject
Project("{FAE04EC0-301F-11D3-BF4B-00C04F79EFBC}") = "WebApp", "WebApp\WebApp.csproj", "{E1D73F43-85C7-49A0-B1C3-5E56C11BD7EC}"
EndProject
Project("{FAE04EC0-301F-11D3-BF4B-00C04F79EFBC}") = "CryptView", "CryptView\CryptView.csproj", "{7ABA488D-DC81-4B51-9256-C8D4806A70E1}"
EndProject
Global
	GlobalSection(SolutionConfigurationPlatforms) = preSolution
		Debug|Any CPU = Debug|Any CPU
		Release|Any CPU = Release|Any CPU
	EndGlobalSection
	GlobalSection(ProjectConfigurationPlatforms) = postSolution
		{A99737FE-2207-412A-BF11-48FA8E1CB918}.Debug|Any CPU.ActiveCfg = Debug|Any CPU
		{A99737FE-2207-412A-BF11-48FA8E1CB918}.Debug|Any CPU.Build.0 = Debug|Any CPU
		{A99737FE-2207-412A-BF11-48FA8E1CB918}.Release|Any CPU.ActiveCfg = Release|Any CPU
		{A99737FE-2207-412A-BF11-48FA8E1CB918}.Release|Any CPU.Build.0 = Release|Any CPU
		{6BC047C2-538D-4409-9BB8-9BF99C65AF6E}.Debug|Any CPU.ActiveCfg = Debug|Any CPU
		{6BC047C2-538D-4409-9BB8-9BF99C65AF6E}.Debug|Any CPU.Build.0 = Debug|Any CPU
		{6BC047C2-538D-4409-9BB8-9BF99C65AF6E}.Release|Any CPU.ActiveCfg = Release|Any CPU
		{6BC047C2-538D-4409-9BB8-9BF99C65AF6E}.Release|Any CPU.Build.0 = Release|Any CPU
		{E1D73F43-85C7-49A0-B1C3-5E56C11BD7EC}.Debug|Any CPU.ActiveCfg = Debug|Any CPU
		{E1D73F43-85C7-49A0-B1C3-5E56C11BD7EC}.Debug|Any CPU.Build.0 = Debug|Any CPU
		{E1D73F43-85C7-49A0-B1C3-5E56C11BD7EC}.Release|Any CPU.ActiveCfg = Release|Any CPU
		{E1D73F43-85C7-49A0-B1C3-5E56C11BD7EC}.Release|Any CPU.Build.0 = Release|Any CPU
		{7ABA488D-DC81-4B51-9256-C8D4806A70E1}.Debug|Any CPU.ActiveCfg = Debug|Any CPU
		{7ABA488D-DC81-4B51-9256-C8D4806A70E1}.Debug|Any CPU.Build.0 = Debug|Any CPU
		{7ABA488D-DC81-4B51-9256-C8D4806A70E1}.Release|Any CPU.ActiveCfg = Release|Any CPU
		{7ABA488D-DC81-4B51-9256-C8D4806A70E1}.Release|Any CPU.Build.0 = Release|Any CPU
	EndGlobalSection
	GlobalSection(SolutionProperties) = preSolution
		HideSolutionNode = FALSE
	EndGlobalSection
	GlobalSection(ExtensibilityGlobals) = postSolution
		SolutionGuid = {FEA7F698-74B6-4514-A13B-0832B449746C}
	EndGlobalSection
EndGlobal
